hash: d0a87007951839e4e21bf3451973d195d6e485933153387dca946aa8e6fad653
updated: 2017-12-14T00:43:31.494507317+07:00
imports:
- name: github.com/asdine/storm
  version: dbd37722730b6cb703b5bd825c3f142d87358525
  subpackages:
  - codec
  - codec/json
  - index
  - internal
  - q
- name: github.com/coreos/bbolt
  version: 48ea1b39c25fc1bab3506fbc712ecbaa842c4d2d
- name: github.com/gin-contrib/cors
  version: 51f0ef8b07e973afb8b6c192bf90d5c3e575c01a
- name: github.com/gin-contrib/sse
  version: 22d885f9ecc78bf4ee5d72b937e4bbcdc58e8cae
- name: github.com/gin-gonic/gin
  version: d459835d2b077e44f7c9b453505ee29881d5d12d
  subpackages:
  - binding
  - render
- name: github.com/golang/protobuf
  version: 1e59b77b52bf8e4b449a57e6f79f21226d571845
  subpackages:
  - proto
- name: github.com/haisum/recaptcha
  version: 7d3b8053900e7a0f549a11e800649a5fa950700f
- name: github.com/JesusIslam/lowger
  version: 3efde894803ee5e7f5614bc93e157510ff158913
- name: github.com/mattn/go-isatty
  version: 6ca4dbf54d38eea1a992b3c722a76a5d1c4cb25c
- name: github.com/oklog/ulid
  version: d311cb43c92434ec4072dfbbda3400741d0a6337
- name: github.com/ugorji/go
  version: bcec826260ae3be35231f9fa66f8e936702e0db0
  subpackages:
  - codec
- name: golang.org/x/sys
  version: 9418b3fdda89831e55f1d80702d6bf2f06d5438f
  subpackages:
  - unix
- name: gopkg.in/go-playground/validator.v8
  version: 5f1438d3fca68893a817e4a66806cea46a9e4ebf
- name: gopkg.in/yaml.v2
  version: 287cf08546ab5e7e37d55a84f7ed3fd1db036de5
testImports: []
