hash: a5215c82bc955f6ebfd33548cefe55ca71d90d331a5603002b70e7811c24f39d
updated: 2017-04-16T23:43:14.52439945+07:00
imports:
- name: github.com/asdine/storm
  version: c40e8d95426a80b23797ca9818ff2142a9401ddf
  subpackages:
  - codec
  - codec/json
  - index
  - internal
  - q
- name: github.com/boltdb/bolt
  version: e9cf4fae01b5a8ff89d0ec6b32f0d9c9f79aefdd
- name: github.com/dgrijalva/jwt-go
  version: d2709f9f1f31ebcda9651b03077758c1f3a0018c
- name: github.com/emirpasic/gods
  version: f6c17b524822278a87e3b3bd809fec33b51f5b46
  subpackages:
  - containers
  - trees
  - trees/redblacktree
  - utils
- name: github.com/haisum/recaptcha
  version: 7d3b8053900e7a0f549a11e800649a5fa950700f
- name: github.com/JesusIslam/lowger
  version: 3efde894803ee5e7f5614bc93e157510ff158913
- name: github.com/labstack/echo
  version: 948d607539e92f3974d8f24951c8975d7342e24a
  subpackages:
  - middleware
- name: github.com/labstack/gommon
  version: 9cedb429ffbe71a32a3ae7c65fd109cb7ae07804
  subpackages:
  - bytes
  - color
  - log
  - random
- name: github.com/mattn/go-colorable
  version: d228849504861217f796da67fae4f6e347643f15
- name: github.com/mattn/go-isatty
  version: 30a891c33c7cde7b02a981314b4228ec99380cca
- name: github.com/oklog/ulid
  version: d311cb43c92434ec4072dfbbda3400741d0a6337
- name: github.com/valyala/fasttemplate
  version: 3b874956e03f1636d171bda64b130f9135f42cff
- name: golang.org/x/crypto
  version: 8a549a1948fc5271eb24f36dcb0d3b47dec75a16
  subpackages:
  - acme
  - acme/autocert
- name: golang.org/x/net
  version: 97edce0b2e423f6a8debb459af47f4a3cb4ff954
  subpackages:
  - context
  - context/ctxhttp
- name: golang.org/x/sys
  version: ca83bd2cb9abb47839b50eb4da612f00158f5870
  subpackages:
  - unix
testImports: []
